
Microsoft Visual Studio Solution File, Format Version 12.00
# Visual Studio Version 17
VisualStudioVersion = 17.8.34525.116
MinimumVisualStudioVersion = 10.0.40219.1
Project("{FAE04EC0-301F-11D3-BF4B-00C04F79EFBC}") = "ContractManagementClaimSystem", "ContractManagementClaimSystem.csproj", "{AF9AD5B5-AD91-4393-9CBA-EC4DFD344725}"
EndProject
Project("{FAE04EC0-301F-11D3-BF4B-00C04F79EFBC}") = "ContractManagementClaimSystem.Tests", "..\ContractManagementClaimSystem.Tests\ContractManagementClaimSystem.Tests.csproj", "{BBDE9DC4-D5F8-4DBF-BF63-89C574E92389}"
EndProject
Global
	GlobalSection(SolutionConfigurationPlatforms) = preSolution
		Debug|Any CPU = Debug|Any CPU
		Release|Any CPU = Release|Any CPU
	EndGlobalSection
	GlobalSection(ProjectConfigurationPlatforms) = postSolution
		{AF9AD5B5-AD91-4393-9CBA-EC4DFD344725}.Debug|Any CPU.ActiveCfg = Debug|Any CPU
		{AF9AD5B5-AD91-4393-9CBA-EC4DFD344725}.Debug|Any CPU.Build.0 = Debug|Any CPU
		{AF9AD5B5-AD91-4393-9CBA-EC4DFD344725}.Release|Any CPU.ActiveCfg = Release|Any CPU
		{AF9AD5B5-AD91-4393-9CBA-EC4DFD344725}.Release|Any CPU.Build.0 = Release|Any CPU
		{BBDE9DC4-D5F8-4DBF-BF63-89C574E92389}.Debug|Any CPU.ActiveCfg = Debug|Any CPU
		{BBDE9DC4-D5F8-4DBF-BF63-89C574E92389}.Debug|Any CPU.Build.0 = Debug|Any CPU
		{BBDE9DC4-D5F8-4DBF-BF63-89C574E92389}.Release|Any CPU.ActiveCfg = Release|Any CPU
		{BBDE9DC4-D5F8-4DBF-BF63-89C574E92389}.Release|Any CPU.Build.0 = Release|Any CPU
	EndGlobalSection
	GlobalSection(SolutionProperties) = preSolution
		HideSolutionNode = FALSE
	EndGlobalSection
	GlobalSection(ExtensibilityGlobals) = postSolution
		SolutionGuid = {97641353-092B-4E22-806A-22B1BBB6ED73}
	EndGlobalSection
EndGlobal
